// !$*UTF8*$!
{
	archiveVersion = 1;
	classes = {
	};
	objectVersion = 56;
	objects = {

/* Begin PBXBuildFile section */
		8401951D2ACD771B000D2BE5 /* Player.swift in Sources */ = {isa = PBXBuildFile; fileRef = 8401951C2ACD771B000D2BE5 /* Player.swift */; };
		840195202ACD8054000D2BE5 /* GameViewModel.swift in Sources */ = {isa = PBXBuildFile; fileRef = 8401951F2ACD8054000D2BE5 /* GameViewModel.swift */; };
		840708882AC596E400093D89 /* GameApp.swift in Sources */ = {isa = PBXBuildFile; fileRef = 840708872AC596E400093D89 /* GameApp.swift */; };
		8407088A2AC596E400093D89 /* StartView.swift in Sources */ = {isa = PBXBuildFile; fileRef = 840708892AC596E400093D89 /* StartView.swift */; };
		8407088C2AC596E600093D89 /* Assets.xcassets in Resources */ = {isa = PBXBuildFile; fileRef = 8407088B2AC596E600093D89 /* Assets.xcassets */; };
		8407088F2AC596E600093D89 /* Preview Assets.xcassets in Resources */ = {isa = PBXBuildFile; fileRef = 8407088E2AC596E600093D89 /* Preview Assets.xcassets */; };
		840708972ACC3D6A00093D89 /* TitleText.swift in Sources */ = {isa = PBXBuildFile; fileRef = 840708962ACC3D6A00093D89 /* TitleText.swift */; };
		840708992ACC404800093D89 /* WordsTextField.swift in Sources */ = {isa = PBXBuildFile; fileRef = 840708982ACC404800093D89 /* WordsTextField.swift */; };
		8407089B2ACC461D00093D89 /* GameView.swift in Sources */ = {isa = PBXBuildFile; fileRef = 8407089A2ACC461C00093D89 /* GameView.swift */; };
		840916FA2AF1476900E7EF87 /* WordSell.swift in Sources */ = {isa = PBXBuildFile; fileRef = 840916F92AF1476900E7EF87 /* WordSell.swift */; };
		843F73F42B03BDBD00B5354C /* .gitignore in Resources */ = {isa = PBXBuildFile; fileRef = 843F73F32B03BDBD00B5354C /* .gitignore */; };
/* End PBXBuildFile section */

/* Begin PBXFileReference section */
		8401951C2ACD771B000D2BE5 /* Player.swift */ = {isa = PBXFileReference; lastKnownFileType = sourcecode.swift; path = Player.swift; sourceTree = "<group>"; };
		8401951F2ACD8054000D2BE5 /* GameViewModel.swift */ = {isa = PBXFileReference; lastKnownFileType = sourcecode.swift; path = GameViewModel.swift; sourceTree = "<group>"; };
		840708842AC596E400093D89 /* Game.app */ = {isa = PBXFileReference; explicitFileType = wrapper.application; includeInIndex = 0; path = Game.app; sourceTree = BUILT_PRODUCTS_DIR; };
		840708872AC596E400093D89 /* GameApp.swift */ = {isa = PBXFileReference; lastKnownFileType = sourcecode.swift; path = GameApp.swift; sourceTree = "<group>"; };
		840708892AC596E400093D89 /* StartView.swift */ = {isa = PBXFileReference; lastKnownFileType = sourcecode.swift; path = StartView.swift; sourceTree = "<group>"; };
		8407088B2AC596E600093D89 /* Assets.xcassets */ = {isa = PBXFileReference; lastKnownFileType = folder.assetcatalog; path = Assets.xcassets; sourceTree = "<group>"; };
		8407088E2AC596E600093D89 /* Preview Assets.xcassets */ = {isa = PBXFileReference; lastKnownFileType = folder.assetcatalog; path = "Preview Assets.xcassets"; sourceTree = "<group>"; };
		840708962ACC3D6A00093D89 /* TitleText.swift */ = {isa = PBXFileReference; lastKnownFileType = sourcecode.swift; path = TitleText.swift; sourceTree = "<group>"; };
		840708982ACC404800093D89 /* WordsTextField.swift */ = {isa = PBXFileReference; lastKnownFileType = sourcecode.swift; path = WordsTextField.swift; sourceTree = "<group>"; };
		8407089A2ACC461C00093D89 /* GameView.swift */ = {isa = PBXFileReference; lastKnownFileType = sourcecode.swift; path = GameView.swift; sourceTree = "<group>"; };
		840916F92AF1476900E7EF87 /* WordSell.swift */ = {isa = PBXFileReference; lastKnownFileType = sourcecode.swift; path = WordSell.swift; sourceTree = "<group>"; };
		842F2F182CEDF89D007E02ED /* README.md */ = {isa = PBXFileReference; lastKnownFileType = net.daringfireball.markdown; path = README.md; sourceTree = "<group>"; };
		842F2F192CEDF8FC007E02ED /* Simulator Screenshot - iPhone 15 - 2024-11-20 at 12.52.30.png */ = {isa = PBXFileReference; lastKnownFileType = image.png; path = "Simulator Screenshot - iPhone 15 - 2024-11-20 at 12.52.30.png"; sourceTree = "<group>"; };
		842F2F1A2CEDF8FD007E02ED /* Simulator Screenshot - iPhone 15 - 2024-11-20 at 12.54.13.png */ = {isa = PBXFileReference; lastKnownFileType = image.png; path = "Simulator Screenshot - iPhone 15 - 2024-11-20 at 12.54.13.png"; sourceTree = "<group>"; };
		842F2F1B2CEDF8FD007E02ED /* Simulator Screenshot - iPhone 15 - 2024-11-20 at 12.53.49.png */ = {isa = PBXFileReference; lastKnownFileType = image.png; path = "Simulator Screenshot - iPhone 15 - 2024-11-20 at 12.53.49.png"; sourceTree = "<group>"; };
		842F2F1C2CEDF8FD007E02ED /* Simulator Screenshot - iPhone 15 - 2024-11-20 at 12.55.01.png */ = {isa = PBXFileReference; lastKnownFileType = image.png; path = "Simulator Screenshot - iPhone 15 - 2024-11-20 at 12.55.01.png"; sourceTree = "<group>"; };
		842F2F1D2CEDF8FD007E02ED /* Simulator Screenshot - iPhone 15 - 2024-11-20 at 12.51.43.png */ = {isa = PBXFileReference; lastKnownFileType = image.png; path = "Simulator Screenshot - iPhone 15 - 2024-11-20 at 12.51.43.png"; sourceTree = "<group>"; };
		842F2F1E2CEDF8FD007E02ED /* Simulator Screenshot - iPhone 15 - 2024-11-20 at 12.53.31.png */ = {isa = PBXFileReference; lastKnownFileType = image.png; path = "Simulator Screenshot - iPhone 15 - 2024-11-20 at 12.53.31.png"; sourceTree = "<group>"; };
		842F2F1F2CEDF8FD007E02ED /* Simulator Screenshot - iPhone 15 - 2024-11-20 at 12.52.18.png */ = {isa = PBXFileReference; lastKnownFileType = image.png; path = "Simulator Screenshot - iPhone 15 - 2024-11-20 at 12.52.18.png"; sourceTree = "<group>"; };
		843F73F32B03BDBD00B5354C /* .gitignore */ = {isa = PBXFileReference; lastKnownFileType = text; path = .gitignore; sourceTree = "<group>"; };
		84CCD7342B03CEA2003ADB74 /* README.md */ = {isa = PBXFileReference; lastKnownFileType = net.daringfireball.markdown; path = README.md; sourceTree = "<group>"; };
/* End PBXFileReference section */

/* Begin PBXFrameworksBuildPhase section */
		840708812AC596E400093D89 /* Frameworks */ = {
			isa = PBXFrameworksBuildPhase;
			buildActionMask = 2147483647;
			files = (
			);
			runOnlyForDeploymentPostprocessing = 0;
		};
/* End PBXFrameworksBuildPhase section */

/* Begin PBXGroup section */
		8401951E2ACD7DA4000D2BE5 /* Model */ = {
			isa = PBXGroup;
			children = (
				8401951C2ACD771B000D2BE5 /* Player.swift */,
			);
			path = Model;
			sourceTree = "<group>";
		};
		840195212ACD9398000D2BE5 /* ViewModel */ = {
			isa = PBXGroup;
			children = (
				8401951F2ACD8054000D2BE5 /* GameViewModel.swift */,
			);
			path = ViewModel;
			sourceTree = "<group>";
		};
		8407087B2AC596E400093D89 = {
			isa = PBXGroup;
			children = (
				842F2F172CEDF85F007E02ED /* docs */,
				843F73F32B03BDBD00B5354C /* .gitignore */,
				840708862AC596E400093D89 /* Game */,
				840708852AC596E400093D89 /* Products */,
			);
			sourceTree = "<group>";
		};
		840708852AC596E400093D89 /* Products */ = {
			isa = PBXGroup;
			children = (
				840708842AC596E400093D89 /* Game.app */,
			);
			name = Products;
			sourceTree = "<group>";
		};
		840708862AC596E400093D89 /* Game */ = {
			isa = PBXGroup;
			children = (
				840708872AC596E400093D89 /* GameApp.swift */,
				8401951E2ACD7DA4000D2BE5 /* Model */,
				8407089C2ACC465D00093D89 /* Views */,
				840195212ACD9398000D2BE5 /* ViewModel */,
				8407088B2AC596E600093D89 /* Assets.xcassets */,
				8407088D2AC596E600093D89 /* Preview Content */,
				84CCD7342B03CEA2003ADB74 /* README.md */,
			);
			path = Game;
			sourceTree = "<group>";
		};
		8407088D2AC596E600093D89 /* Preview Content */ = {
			isa = PBXGroup;
			children = (
				8407088E2AC596E600093D89 /* Preview Assets.xcassets */,
			);
			path = "Preview Content";
			sourceTree = "<group>";
		};
		840708952ACC3D1500093D89 /* Components */ = {
			isa = PBXGroup;
			children = (
				840708962ACC3D6A00093D89 /* TitleText.swift */,
				840708982ACC404800093D89 /* WordsTextField.swift */,
				840916F92AF1476900E7EF87 /* WordSell.swift */,
			);
			path = Components;
			sourceTree = "<group>";
		};
		8407089C2ACC465D00093D89 /* Views */ = {
			isa = PBXGroup;
			children = (
				840708892AC596E400093D89 /* StartView.swift */,
				8407089A2ACC461C00093D89 /* GameView.swift */,
				840708952ACC3D1500093D89 /* Components */,
			);
			path = Views;
			sourceTree = "<group>";
		};
		842F2F172CEDF85F007E02ED /* docs */ = {
			isa = PBXGroup;
			children = (
				842F2F1D2CEDF8FD007E02ED /* Simulator Screenshot - iPhone 15 - 2024-11-20 at 12.51.43.png */,
				842F2F1F2CEDF8FD007E02ED /* Simulator Screenshot - iPhone 15 - 2024-11-20 at 12.52.18.png */,
				842F2F192CEDF8FC007E02ED /* Simulator Screenshot - iPhone 15 - 2024-11-20 at 12.52.30.png */,
				842F2F1E2CEDF8FD007E02ED /* Simulator Screenshot - iPhone 15 - 2024-11-20 at 12.53.31.png */,
				842F2F1B2CEDF8FD007E02ED /* Simulator Screenshot - iPhone 15 - 2024-11-20 at 12.53.49.png */,
				842F2F1A2CEDF8FD007E02ED /* Simulator Screenshot - iPhone 15 - 2024-11-20 at 12.54.13.png */,
				842F2F1C2CEDF8FD007E02ED /* Simulator Screenshot - iPhone 15 - 2024-11-20 at 12.55.01.png */,
				842F2F182CEDF89D007E02ED /* README.md */,
			);
			path = docs;
			sourceTree = "<group>";
		};
/* End PBXGroup section */

/* Begin PBXNativeTarget section */
		840708832AC596E400093D89 /* Game */ = {
			isa = PBXNativeTarget;
			buildConfigurationList = 840708922AC596E600093D89 /* Build configuration list for PBXNativeTarget "Game" */;
			buildPhases = (
				840708802AC596E400093D89 /* Sources */,
				840708812AC596E400093D89 /* Frameworks */,
				840708822AC596E400093D89 /* Resources */,
			);
			buildRules = (
			);
			dependencies = (
			);
			name = Game;
			productName = Game;
			productReference = 840708842AC596E400093D89 /* Game.app */;
			productType = "com.apple.product-type.application";
		};
/* End PBXNativeTarget section */

/* Begin PBXProject section */
		8407087C2AC596E400093D89 /* Project object */ = {
			isa = PBXProject;
			attributes = {
				BuildIndependentTargetsInParallel = 1;
				LastSwiftUpdateCheck = 1410;
				LastUpgradeCheck = 1410;
				TargetAttributes = {
					840708832AC596E400093D89 = {
						CreatedOnToolsVersion = 14.1;
					};
				};
			};
			buildConfigurationList = 8407087F2AC596E400093D89 /* Build configuration list for PBXProject "Game" */;
			compatibilityVersion = "Xcode 14.0";
			developmentRegion = en;
			hasScannedForEncodings = 0;
			knownRegions = (
				en,
				Base,
			);
			mainGroup = 8407087B2AC596E400093D89;
			productRefGroup = 840708852AC596E400093D89 /* Products */;
			projectDirPath = "";
			projectRoot = "";
			targets = (
				840708832AC596E400093D89 /* Game */,
			);
		};
/* End PBXProject section */

/* Begin PBXResourcesBuildPhase section */
		840708822AC596E400093D89 /* Resources */ = {
			isa = PBXResourcesBuildPhase;
			buildActionMask = 2147483647;
			files = (
				8407088F2AC596E600093D89 /* Preview Assets.xcassets in Resources */,
				843F73F42B03BDBD00B5354C /* .gitignore in Resources */,
				8407088C2AC596E600093D89 /* Assets.xcassets in Resources */,
			);
			runOnlyForDeploymentPostprocessing = 0;
		};
/* End PBXResourcesBuildPhase section */

/* Begin PBXSourcesBuildPhase section */
		840708802AC596E400093D89 /* Sources */ = {
			isa = PBXSourcesBuildPhase;
			buildActionMask = 2147483647;
			files = (
				840708992ACC404800093D89 /* WordsTextField.swift in Sources */,
				840708972ACC3D6A00093D89 /* TitleText.swift in Sources */,
				8407088A2AC596E400093D89 /* StartView.swift in Sources */,
				840708882AC596E400093D89 /* GameApp.swift in Sources */,
				8401951D2ACD771B000D2BE5 /* Player.swift in Sources */,
				840916FA2AF1476900E7EF87 /* WordSell.swift in Sources */,
				8407089B2ACC461D00093D89 /* GameView.swift in Sources */,
				840195202ACD8054000D2BE5 /* GameViewModel.swift in Sources */,
			);
			runOnlyForDeploymentPostprocessing = 0;
		};
/* End PBXSourcesBuildPhase section */

/* Begin XCBuildConfiguration section */
		840708902AC596E600093D89 /* Debug */ = {
			isa = XCBuildConfiguration;
			buildSettings = {
				ALWAYS_SEARCH_USER_PATHS = NO;
				CLANG_ANALYZER_NONNULL = YES;
				CLANG_ANALYZER_NUMBER_OBJECT_CONVERSION = YES_AGGRESSIVE;
				CLANG_CXX_LANGUAGE_STANDARD = "gnu++20";
				CLANG_ENABLE_MODULES = YES;
				CLANG_ENABLE_OBJC_ARC = YES;
				CLANG_ENABLE_OBJC_WEAK = YES;
				CLANG_WARN_BLOCK_CAPTURE_AUTORELEASING = YES;
				CLANG_WARN_BOOL_CONVERSION = YES;
				CLANG_WARN_COMMA = YES;
				CLANG_WARN_CONSTANT_CONVERSION = YES;
				CLANG_WARN_DEPRECATED_OBJC_IMPLEMENTATIONS = YES;
				CLANG_WARN_DIRECT_OBJC_ISA_USAGE = YES_ERROR;
				CLANG_WARN_DOCUMENTATION_COMMENTS = YES;
				CLANG_WARN_EMPTY_BODY = YES;
				CLANG_WARN_ENUM_CONVERSION = YES;
				CLANG_WARN_INFINITE_RECURSION = YES;
				CLANG_WARN_INT_CONVERSION = YES;
				CLANG_WARN_NON_LITERAL_NULL_CONVERSION = YES;
				CLANG_WARN_OBJC_IMPLICIT_RETAIN_SELF = YES;
				CLANG_WARN_OBJC_LITERAL_CONVERSION = YES;
				CLANG_WARN_OBJC_ROOT_CLASS = YES_ERROR;
				CLANG_WARN_QUOTED_INCLUDE_IN_FRAMEWORK_HEADER = YES;
				CLANG_WARN_RANGE_LOOP_ANALYSIS = YES;
				CLANG_WARN_STRICT_PROTOTYPES = YES;
				CLANG_WARN_SUSPICIOUS_MOVE = YES;
				CLANG_WARN_UNGUARDED_AVAILABILITY = YES_AGGRESSIVE;
				CLANG_WARN_UNREACHABLE_CODE = YES;
				CLANG_WARN__DUPLICATE_METHOD_MATCH = YES;
				COPY_PHASE_STRIP = NO;
				DEBUG_INFORMATION_FORMAT = dwarf;
				ENABLE_STRICT_OBJC_MSGSEND = YES;
				ENABLE_TESTABILITY = YES;
				GCC_C_LANGUAGE_STANDARD = gnu11;
				GCC_DYNAMIC_NO_PIC = NO;
				GCC_NO_COMMON_BLOCKS = YES;
				GCC_OPTIMIZATION_LEVEL = 0;
				GCC_PREPROCESSOR_DEFINITIONS = (
					"DEBUG=1",
					"$(inherited)",
				);
				GCC_WARN_64_TO_32_BIT_CONVERSION = YES;
				GCC_WARN_ABOUT_RETURN_TYPE = YES_ERROR;
				GCC_WARN_UNDECLARED_SELECTOR = YES;
				GCC_WARN_UNINITIALIZED_AUTOS = YES_AGGRESSIVE;
				GCC_WARN_UNUSED_FUNCTION = YES;
				GCC_WARN_UNUSED_VARIABLE = YES;
				IPHONEOS_DEPLOYMENT_TARGET = 16.1;
				MTL_ENABLE_DEBUG_INFO = INCLUDE_SOURCE;
				MTL_FAST_MATH = YES;
				ONLY_ACTIVE_ARCH = YES;
				SDKROOT = iphoneos;
				SWIFT_ACTIVE_COMPILATION_CONDITIONS = DEBUG;
				SWIFT_OPTIMIZATION_LEVEL = "-Onone";
			};
			name = Debug;
		};
		840708912AC596E600093D89 /* Release */ = {
			isa = XCBuildConfiguration;
			buildSettings = {
				ALWAYS_SEARCH_USER_PATHS = NO;
				CLANG_ANALYZER_NONNULL = YES;
				CLANG_ANALYZER_NUMBER_OBJECT_CONVERSION = YES_AGGRESSIVE;
				CLANG_CXX_LANGUAGE_STANDARD = "gnu++20";
				CLANG_ENABLE_MODULES = YES;
				CLANG_ENABLE_OBJC_ARC = YES;
				CLANG_ENABLE_OBJC_WEAK = YES;
				CLANG_WARN_BLOCK_CAPTURE_AUTORELEASING = YES;
				CLANG_WARN_BOOL_CONVERSION = YES;
				CLANG_WARN_COMMA = YES;
				CLANG_WARN_CONSTANT_CONVERSION = YES;
				CLANG_WARN_DEPRECATED_OBJC_IMPLEMENTATIONS = YES;
				CLANG_WARN_DIRECT_OBJC_ISA_USAGE = YES_ERROR;
				CLANG_WARN_DOCUMENTATION_COMMENTS = YES;
				CLANG_WARN_EMPTY_BODY = YES;
				CLANG_WARN_ENUM_CONVERSION = YES;
				CLANG_WARN_INFINITE_RECURSION = YES;
				CLANG_WARN_INT_CONVERSION = YES;
				CLANG_WARN_NON_LITERAL_NULL_CONVERSION = YES;
				CLANG_WARN_OBJC_IMPLICIT_RETAIN_SELF = YES;
				CLANG_WARN_OBJC_LITERAL_CONVERSION = YES;
				CLANG_WARN_OBJC_ROOT_CLASS = YES_ERROR;
				CLANG_WARN_QUOTED_INCLUDE_IN_FRAMEWORK_HEADER = YES;
				CLANG_WARN_RANGE_LOOP_ANALYSIS = YES;
				CLANG_WARN_STRICT_PROTOTYPES = YES;
				CLANG_WARN_SUSPICIOUS_MOVE = YES;
				CLANG_WARN_UNGUARDED_AVAILABILITY = YES_AGGRESSIVE;
				CLANG_WARN_UNREACHABLE_CODE = YES;
				CLANG_WARN__DUPLICATE_METHOD_MATCH = YES;
				COPY_PHASE_STRIP = NO;
				DEBUG_INFORMATION_FORMAT = "dwarf-with-dsym";
				ENABLE_NS_ASSERTIONS = NO;
				ENABLE_STRICT_OBJC_MSGSEND = YES;
				GCC_C_LANGUAGE_STANDARD = gnu11;
				GCC_NO_COMMON_BLOCKS = YES;
				GCC_WARN_64_TO_32_BIT_CONVERSION = YES;
				GCC_WARN_ABOUT_RETURN_TYPE = YES_ERROR;
				GCC_WARN_UNDECLARED_SELECTOR = YES;
				GCC_WARN_UNINITIALIZED_AUTOS = YES_AGGRESSIVE;
				GCC_WARN_UNUSED_FUNCTION = YES;
				GCC_WARN_UNUSED_VARIABLE = YES;
				IPHONEOS_DEPLOYMENT_TARGET = 16.1;
				MTL_ENABLE_DEBUG_INFO = NO;
				MTL_FAST_MATH = YES;
				SDKROOT = iphoneos;
				SWIFT_COMPILATION_MODE = wholemodule;
				SWIFT_OPTIMIZATION_LEVEL = "-O";
				VALIDATE_PRODUCT = YES;
			};
			name = Release;
		};
		840708932AC596E600093D89 /* Debug */ = {
			isa = XCBuildConfiguration;
			buildSettings = {
				ASSETCATALOG_COMPILER_APPICON_NAME = AppIcon;
				ASSETCATALOG_COMPILER_GLOBAL_ACCENT_COLOR_NAME = AccentColor;
				ASSETCATALOG_COMPILER_INCLUDE_ALL_APPICON_ASSETS = NO;
				CODE_SIGN_STYLE = Automatic;
				CURRENT_PROJECT_VERSION = 1;
				DEVELOPMENT_ASSET_PATHS = "\"Game/Preview Content\"";
				DEVELOPMENT_TEAM = LQ4DU59J9S;
				ENABLE_PREVIEWS = YES;
				GENERATE_INFOPLIST_FILE = YES;
				INFOPLIST_KEY_UIApplicationSceneManifest_Generation = YES;
				INFOPLIST_KEY_UIApplicationSupportsIndirectInputEvents = YES;
				INFOPLIST_KEY_UILaunchScreen_Generation = YES;
				INFOPLIST_KEY_UISupportedInterfaceOrientations_iPad = "UIInterfaceOrientationPortrait UIInterfaceOrientationPortraitUpsideDown UIInterfaceOrientationLandscapeLeft UIInterfaceOrientationLandscapeRight";
				INFOPLIST_KEY_UISupportedInterfaceOrientations_iPhone = "UIInterfaceOrientationPortrait UIInterfaceOrientationLandscapeLeft UIInterfaceOrientationLandscapeRight";
				LD_RUNPATH_SEARCH_PATHS = (
					"$(inherited)",
					"@executable_path/Frameworks",
				);
				MARKETING_VERSION = 1.0;
				PRODUCT_BUNDLE_IDENTIFIER = Kyiv.Game;
				PRODUCT_NAME = "$(TARGET_NAME)";
				SUPPORTED_PLATFORMS = "iphoneos iphonesimulator";
				SUPPORTS_MACCATALYST = NO;
				SUPPORTS_MAC_DESIGNED_FOR_IPHONE_IPAD = NO;
				SWIFT_EMIT_LOC_STRINGS = YES;
				SWIFT_VERSION = 5.0;
				TARGETED_DEVICE_FAMILY = 1;
			};
			name = Debug;
		};
		840708942AC596E600093D89 /* Release */ = {
			isa = XCBuildConfiguration;
			buildSettings = {
				ASSETCATALOG_COMPILER_APPICON_NAME = AppIcon;
				ASSETCATALOG_COMPILER_GLOBAL_ACCENT_COLOR_NAME = AccentColor;
				ASSETCATALOG_COMPILER_INCLUDE_ALL_APPICON_ASSETS = NO;
				CODE_SIGN_STYLE = Automatic;
				CURRENT_PROJECT_VERSION = 1;
				DEVELOPMENT_ASSET_PATHS = "\"Game/Preview Content\"";
				DEVELOPMENT_TEAM = LQ4DU59J9S;
				ENABLE_PREVIEWS = YES;
				GENERATE_INFOPLIST_FILE = YES;
				INFOPLIST_KEY_UIApplicationSceneManifest_Generation = YES;
				INFOPLIST_KEY_UIApplicationSupportsIndirectInputEvents = YES;
				INFOPLIST_KEY_UILaunchScreen_Generation = YES;
				INFOPLIST_KEY_UISupportedInterfaceOrientations_iPad = "UIInterfaceOrientationPortrait UIInterfaceOrientationPortraitUpsideDown UIInterfaceOrientationLandscapeLeft UIInterfaceOrientationLandscapeRight";
				INFOPLIST_KEY_UISupportedInterfaceOrientations_iPhone = "UIInterfaceOrientationPortrait UIInterfaceOrientationLandscapeLeft UIInterfaceOrientationLandscapeRight";
				LD_RUNPATH_SEARCH_PATHS = (
					"$(inherited)",
					"@executable_path/Frameworks",
				);
				MARKETING_VERSION = 1.0;
				PRODUCT_BUNDLE_IDENTIFIER = Kyiv.Game;
				PRODUCT_NAME = "$(TARGET_NAME)";
				SUPPORTED_PLATFORMS = "iphoneos iphonesimulator";
				SUPPORTS_MACCATALYST = NO;
				SUPPORTS_MAC_DESIGNED_FOR_IPHONE_IPAD = NO;
				SWIFT_EMIT_LOC_STRINGS = YES;
				SWIFT_VERSION = 5.0;
				TARGETED_DEVICE_FAMILY = 1;
			};
			name = Release;
		};
/* End XCBuildConfiguration section */

/* Begin XCConfigurationList section */
		8407087F2AC596E400093D89 /* Build configuration list for PBXProject "Game" */ = {
			isa = XCConfigurationList;
			buildConfigurations = (
				840708902AC596E600093D89 /* Debug */,
				840708912AC596E600093D89 /* Release */,
			);
			defaultConfigurationIsVisible = 0;
			defaultConfigurationName = Release;
		};
		840708922AC596E600093D89 /* Build configuration list for PBXNativeTarget "Game" */ = {
			isa = XCConfigurationList;
			buildConfigurations = (
				840708932AC596E600093D89 /* Debug */,
				840708942AC596E600093D89 /* Release */,
			);
			defaultConfigurationIsVisible = 0;
			defaultConfigurationName = Release;
		};
/* End XCConfigurationList section */
	};
	rootObject = 8407087C2AC596E400093D89 /* Project object */;
}
